
Microsoft Visual Studio Solution File, Format Version 12.00
# Visual Studio Version 17
VisualStudioVersion = 17.13.35919.96 d17.13
MinimumVisualStudioVersion = 10.0.40219.1
Project("{FAE04EC0-301F-11D3-BF4B-00C04F79EFBC}") = "OperacionesConjuntosGrafico", "OperacionesConjuntosGrafico\OperacionesConjuntosGrafico.csproj", "{6EFEC99B-ABA8-4BC9-967A-7BE1E971F8DA}"
EndProject
Global
	GlobalSection(SolutionConfigurationPlatforms) = preSolution
		Debug|Any CPU = Debug|Any CPU
		Release|Any CPU = Release|Any CPU
	EndGlobalSection
	GlobalSection(ProjectConfigurationPlatforms) = postSolution
		{6EFEC99B-ABA8-4BC9-967A-7BE1E971F8DA}.Debug|Any CPU.ActiveCfg = Debug|Any CPU
		{6EFEC99B-ABA8-4BC9-967A-7BE1E971F8DA}.Debug|Any CPU.Build.0 = Debug|Any CPU
		{6EFEC99B-ABA8-4BC9-967A-7BE1E971F8DA}.Release|Any CPU.ActiveCfg = Release|Any CPU
		{6EFEC99B-ABA8-4BC9-967A-7BE1E971F8DA}.Release|Any CPU.Build.0 = Release|Any CPU
	EndGlobalSection
	GlobalSection(SolutionProperties) = preSolution
		HideSolutionNode = FALSE
	EndGlobalSection
	GlobalSection(ExtensibilityGlobals) = postSolution
		SolutionGuid = {514A452A-1F09-48A0-90A9-1B2CC96ED889}
	EndGlobalSection
EndGlobal
